{
  "lockfile_version": "1",
  "packages": {
    "github:NixOS/nixpkgs/nixpkgs-unstable": {
      "last_modified": "2026-01-14T12:51:35Z",
      "resolved": "github:NixOS/nixpkgs/13868c071cc73a5e9f610c47d7bb08e5da64fdd5?lastModified=1768395095&narHash=sha256-ZhuYJbwbZT32QA95tSkXd9zXHcdZj90EzHpEXBMabaw%3D"
    },
    "go-task@3.45.5": {
      "last_modified": "2025-12-31T03:27:36Z",
      "resolved": "github:NixOS/nixpkgs/f665af0cdb70ed27e1bd8f9fdfecaf451260fc55#go-task",
      "source": "devbox-search",
      "version": "3.45.5",
      "systems": {
        "aarch64-darwin": {
          "outputs": [
            {
              "name": "out",
              "path": "/nix/store/9ybcllfqylj7a7w42kiw9vqwd941s5lw-go-task-3.45.5",
              "default": true
            }
          ],
          "store_path": "/nix/store/9ybcllfqylj7a7w42kiw9vqwd941s5lw-go-task-3.45.5"
        },
        "aarch64-linux": {
          "outputs": [
            {
              "name": "out",
              "path": "/nix/store/xiyrhd65ya9ynf3mrvb9kfg00x7nf1m6-go-task-3.45.5",
              "default": true
            }
          ],
          "store_path": "/nix/store/xiyrhd65ya9ynf3mrvb9kfg00x7nf1m6-go-task-3.45.5"
        },
        "x86_64-darwin": {
          "outputs": [
            {
              "name": "out",
              "path": "/nix/store/znxnsk6k9ar637pi2dimrxmijqq0lf0b-go-task-3.45.5",
              "default": true
            }
          ],
          "store_path": "/nix/store/znxnsk6k9ar637pi2dimrxmijqq0lf0b-go-task-3.45.5"
        },
        "x86_64-linux": {
          "outputs": [
            {
              "name": "out",
              "path": "/nix/store/w2hq0and0k2v1l4fbfsa6r4sadvixhsg-go-task-3.45.5",
              "default": true
            }
          ],
          "store_path": "/nix/store/w2hq0and0k2v1l4fbfsa6r4sadvixhsg-go-task-3.45.5"
        }
      }
    },
    "golangci-lint@2.7.2": {
      "last_modified": "2025-12-31T03:27:36Z",
      "resolved": "github:NixOS/nixpkgs/f665af0cdb70ed27e1bd8f9fdfecaf451260fc55#golangci-lint",
      "source": "devbox-search",
      "version": "2.7.2",
      "systems": {
        "aarch64-darwin": {
          "outputs": [
            {
              "name": "out",
              "path": "/nix/store/ysbphh6mli3npxvzb9p30nwyp213mlq3-golangci-lint-2.7.2",
              "default": true
            }
          ],
          "store_path": "/nix/store/ysbphh6mli3npxvzb9p30nwyp213mlq3-golangci-lint-2.7.2"
        },
        "aarch64-linux": {
          "outputs": [
            {
              "name": "out",
              "path": "/nix/store/vhp9hkr55yrgpvl9l04h3clgqlhsb4zy-golangci-lint-2.7.2",
              "default": true
            }
          ],
          "store_path": "/nix/store/vhp9hkr55yrgpvl9l04h3clgqlhsb4zy-golangci-lint-2.7.2"
        },
        "x86_64-darwin": {
          "outputs": [
            {
              "name": "out",
              "path": "/nix/store/4l0i40g6xkbfnhfgdf83npk0d0v033yc-golangci-lint-2.7.2",
              "default": true
            }
          ],
          "store_path": "/nix/store/4l0i40g6xkbfnhfgdf83npk0d0v033yc-golangci-lint-2.7.2"
        },
        "x86_64-linux": {
          "outputs": [
            {
              "name": "out",
              "path": "/nix/store/q983imcmzczmzgj58k0xwn9kkn3f87jj-golangci-lint-2.7.2",
              "default": true
            }
          ],
          "store_path": "/nix/store/q983imcmzczmzgj58k0xwn9kkn3f87jj-golangci-lint-2.7.2"
        }
      }
    },
    "goreleaser@2.13.0": {
      "last_modified": "2025-12-31T03:27:36Z",
      "resolved": "github:NixOS/nixpkgs/f665af0cdb70ed27e1bd8f9fdfecaf451260fc55#goreleaser",
      "source": "devbox-search",
      "version": "2.13.0",
      "systems": {
        "aarch64-darwin": {
          "outputs": [
            {
              "name": "out",
              "path": "/nix/store/mrhz3rnjq0b69rxwyih93bialblb52yy-goreleaser-2.13.0",
              "default": true
            }
          ],
          "store_path": "/nix/store/mrhz3rnjq0b69rxwyih93bialblb52yy-goreleaser-2.13.0"
        },
        "aarch64-linux": {
          "outputs": [
            {
              "name": "out",
              "path": "/nix/store/7xm2awzjyxn9xxiy82rw19sxxz0ry2qi-goreleaser-2.13.0",
              "default": true
            }
          ],
          "store_path": "/nix/store/7xm2awzjyxn9xxiy82rw19sxxz0ry2qi-goreleaser-2.13.0"
        },
        "x86_64-darwin": {
          "outputs": [
            {
              "name": "out",
              "path": "/nix/store/bq3vff3fcgn6fcp1v7ck1j7fkdgb7j6c-goreleaser-2.13.0",
              "default": true
            }
          ],
          "store_path": "/nix/store/bq3vff3fcgn6fcp1v7ck1j7fkdgb7j6c-goreleaser-2.13.0"
        },
        "x86_64-linux": {
          "outputs": [
            {
              "name": "out",
              "path": "/nix/store/z34vcsv6x83d2iqdjf0kiaq99y1qq3nr-goreleaser-2.13.0",
              "default": true
            }
          ],
          "store_path": "/nix/store/z34vcsv6x83d2iqdjf0kiaq99y1qq3nr-goreleaser-2.13.0"
        }
      }
    }
  }
}
